
Microsoft Visual Studio Solution File, Format Version 12.00
# Visual Studio Version 16
VisualStudioVersion = 16.0.33130.400
MinimumVisualStudioVersion = 10.0.40219.1
Project("{FAE04EC0-301F-11D3-BF4B-00C04F79EFBC}") = "BaddiesAPI", "BaddiesAPI.csproj", "{5E61DBF2-661C-49BA-899D-F72319AC98A4}"
EndProject
Global
	GlobalSection(SolutionConfigurationPlatforms) = preSolution
		Debug|Any CPU = Debug|Any CPU
		Release|Any CPU = Release|Any CPU
	EndGlobalSection
	GlobalSection(ProjectConfigurationPlatforms) = postSolution
		{5E61DBF2-661C-49BA-899D-F72319AC98A4}.Debug|Any CPU.ActiveCfg = Debug|Any CPU
		{5E61DBF2-661C-49BA-899D-F72319AC98A4}.Debug|Any CPU.Build.0 = Debug|Any CPU
		{5E61DBF2-661C-49BA-899D-F72319AC98A4}.Release|Any CPU.ActiveCfg = Release|Any CPU
		{5E61DBF2-661C-49BA-899D-F72319AC98A4}.Release|Any CPU.Build.0 = Release|Any CPU
	EndGlobalSection
	GlobalSection(SolutionProperties) = preSolution
		HideSolutionNode = FALSE
	EndGlobalSection
	GlobalSection(ExtensibilityGlobals) = postSolution
		SolutionGuid = {2297DB9E-FD1F-43EC-929D-FC77A72BBA8D}
	EndGlobalSection
EndGlobal
